PODS:
  - GGAFNetworking (0.1.5)
  - GGYTKNetwork (0.1.0):
    - GGAFNetworking

DEPENDENCIES:
  - GGYTKNetwork (from `../`)

SPEC REPOS:
  trunk:
    - GGAFNetworking

EXTERNAL SOURCES:
  GGYTKNetwork:
    :path: "../"

SPEC CHECKSUMS:
  GGAFNetworking: 100a169771f4b7745038b0c0a62a1ec827eed9ca
  GGYTKNetwork: 650bb5215263ce3fbfe4378305a7f67b9e275e2f

PODFILE CHECKSUM: 7c512570d314cbff6b3ad00400bb3e1ba4e3b26d

COCOAPODS: 1.16.2
